
Microsoft Visual Studio Solution File, Format Version 12.00
# Visual Studio 16
Project("{FAE04EC0-301F-11D3-BF4B-00C04F79EFBC}") = "Assembly-CSharp", "Assembly-CSharp.csproj", "{13B59AFD-7881-D7A0-563B-2AE1914AD8A7}"
EndProject
Project("{FAE04EC0-301F-11D3-BF4B-00C04F79EFBC}") = "Assembly-CSharp-Editor", "Assembly-CSharp-Editor.csproj", "{374DB028-27A7-324D-0DC6-DB2BDF1B716D}"
EndProject
Global
	GlobalSection(SolutionConfigurationPlatforms) = preSolution
		Debug|Any CPU = Debug|Any CPU
		Release|Any CPU = Release|Any CPU
	EndGlobalSection
	GlobalSection(ProjectConfigurationPlatforms) = postSolution
		{13B59AFD-7881-D7A0-563B-2AE1914AD8A7}.Debug|Any CPU.ActiveCfg = Debug|Any CPU
		{13B59AFD-7881-D7A0-563B-2AE1914AD8A7}.Debug|Any CPU.Build.0 = Debug|Any CPU
		{13B59AFD-7881-D7A0-563B-2AE1914AD8A7}.Release|Any CPU.ActiveCfg = Release|Any CPU
		{13B59AFD-7881-D7A0-563B-2AE1914AD8A7}.Release|Any CPU.Build.0 = Release|Any CPU
		{374DB028-27A7-324D-0DC6-DB2BDF1B716D}.Debug|Any CPU.ActiveCfg = Debug|Any CPU
		{374DB028-27A7-324D-0DC6-DB2BDF1B716D}.Debug|Any CPU.Build.0 = Debug|Any CPU
		{374DB028-27A7-324D-0DC6-DB2BDF1B716D}.Release|Any CPU.ActiveCfg = Release|Any CPU
		{374DB028-27A7-324D-0DC6-DB2BDF1B716D}.Release|Any CPU.Build.0 = Release|Any CPU
	EndGlobalSection
	GlobalSection(SolutionProperties) = preSolution
		HideSolutionNode = FALSE
	EndGlobalSection
EndGlobal
